// !$*UTF8*$!
{
	archiveVersion = 1;
	classes = {
	};
	objectVersion = 50;
	objects = {

/* Begin PBXBuildFile section */
		E36925AD2611E74500FBB1A3 /* AppDelegate.m in Sources */ = {isa = PBXBuildFile; fileRef = E36925AC2611E74500FBB1A3 /* AppDelegate.m */; };
		E36925B02611E74500FBB1A3 /* SceneDelegate.m in Sources */ = {isa = PBXBuildFile; fileRef = E36925AF2611E74500FBB1A3 /* SceneDelegate.m */; };
		E36925B32611E74500FBB1A3 /* ViewController.m in Sources */ = {isa = PBXBuildFile; fileRef = E36925B22611E74500FBB1A3 /* ViewController.m */; };
		E36925B62611E74500FBB1A3 /* Main.storyboard in Resources */ = {isa = PBXBuildFile; fileRef = E36925B42611E74500FBB1A3 /* Main.storyboard */; };
		E36925B82611E74700FBB1A3 /* Assets.xcassets in Resources */ = {isa = PBXBuildFile; fileRef = E36925B72611E74700FBB1A3 /* Assets.xcassets */; };
		E36925BB2611E74700FBB1A3 /* LaunchScreen.storyboard in Resources */ = {isa = PBXBuildFile; fileRef = E36925B92611E74700FBB1A3 /* LaunchScreen.storyboard */; };
		E36925BE2611E74700FBB1A3 /* main.m in Sources */ = {isa = PBXBuildFile; fileRef = E36925BD2611E74700FBB1A3 /* main.m */; };
		E36925C82611E74700FBB1A3 /* YDTextViewTests.m in Sources */ = {isa = PBXBuildFile; fileRef = E36925C72611E74700FBB1A3 /* YDTextViewTests.m */; };
		E36925D32611E74700FBB1A3 /* YDTextViewUITests.m in Sources */ = {isa = PBXBuildFile; fileRef = E36925D22611E74700FBB1A3 /* YDTextViewUITests.m */; };
		E36925E62611E8DD00FBB1A3 /* YDTextView.m in Sources */ = {isa = PBXBuildFile; fileRef = E36925E52611E8DD00FBB1A3 /* YDTextView.m */; };
/* End PBXBuildFile section */

/* Begin PBXContainerItemProxy section */
		E36925C42611E74700FBB1A3 /* PBXContainerItemProxy */ = {
			isa = PBXContainerItemProxy;
			containerPortal = E36925A02611E74500FBB1A3 /* Project object */;
			proxyType = 1;
			remoteGlobalIDString = E36925A72611E74500FBB1A3;
			remoteInfo = YDTextView;
		};
		E36925CF2611E74700FBB1A3 /* PBXContainerItemProxy */ = {
			isa = PBXContainerItemProxy;
			containerPortal = E36925A02611E74500FBB1A3 /* Project object */;
			proxyType = 1;
			remoteGlobalIDString = E36925A72611E74500FBB1A3;
			remoteInfo = YDTextView;
		};
/* End PBXContainerItemProxy section */

/* Begin PBXFileReference section */
		E36925A82611E74500FBB1A3 /* YDTextView.app */ = {isa = PBXFileReference; explicitFileType = wrapper.application; includeInIndex = 0; path = YDTextView.app; sourceTree = BUILT_PRODUCTS_DIR; };
		E36925AB2611E74500FBB1A3 /* AppDelegate.h */ = {isa = PBXFileReference; lastKnownFileType = sourcecode.c.h; path = AppDelegate.h; sourceTree = "<group>"; };
		E36925AC2611E74500FBB1A3 /* AppDelegate.m */ = {isa = PBXFileReference; lastKnownFileType = sourcecode.c.objc; path = AppDelegate.m; sourceTree = "<group>"; };
		E36925AE2611E74500FBB1A3 /* SceneDelegate.h */ = {isa = PBXFileReference; lastKnownFileType = sourcecode.c.h; path = SceneDelegate.h; sourceTree = "<group>"; };
		E36925AF2611E74500FBB1A3 /* SceneDelegate.m */ = {isa = PBXFileReference; lastKnownFileType = sourcecode.c.objc; path = SceneDelegate.m; sourceTree = "<group>"; };
		E36925B12611E74500FBB1A3 /* ViewController.h */ = {isa = PBXFileReference; lastKnownFileType = sourcecode.c.h; path = ViewController.h; sourceTree = "<group>"; };
		E36925B22611E74500FBB1A3 /* ViewController.m */ = {isa = PBXFileReference; lastKnownFileType = sourcecode.c.objc; path = ViewController.m; sourceTree = "<group>"; };
		E36925B52611E74500FBB1A3 /* Base */ = {isa = PBXFileReference; lastKnownFileType = file.storyboard; name = Base; path = Base.lproj/Main.storyboard; sourceTree = "<group>"; };
		E36925B72611E74700FBB1A3 /* Assets.xcassets */ = {isa = PBXFileReference; lastKnownFileType = folder.assetcatalog; path = Assets.xcassets; sourceTree = "<group>"; };
		E36925BA2611E74700FBB1A3 /* Base */ = {isa = PBXFileReference; lastKnownFileType = file.storyboard; name = Base; path = Base.lproj/LaunchScreen.storyboard; sourceTree = "<group>"; };
		E36925BC2611E74700FBB1A3 /* Info.plist */ = {isa = PBXFileReference; lastKnownFileType = text.plist.xml; path = Info.plist; sourceTree = "<group>"; };
		E36925BD2611E74700FBB1A3 /* main.m */ = {isa = PBXFileReference; lastKnownFileType = sourcecode.c.objc; path = main.m; sourceTree = "<group>"; };
		E36925C32611E74700FBB1A3 /* YDTextViewTests.xctest */ = {isa = PBXFileReference; explicitFileType = wrapper.cfbundle; includeInIndex = 0; path = YDTextViewTests.xctest; sourceTree = BUILT_PRODUCTS_DIR; };
		E36925C72611E74700FBB1A3 /* YDTextViewTests.m */ = {isa = PBXFileReference; lastKnownFileType = sourcecode.c.objc; path = YDTextViewTests.m; sourceTree = "<group>"; };
		E36925C92611E74700FBB1A3 /* Info.plist */ = {isa = PBXFileReference; lastKnownFileType = text.plist.xml; path = Info.plist; sourceTree = "<group>"; };
		E36925CE2611E74700FBB1A3 /* YDTextViewUITests.xctest */ = {isa = PBXFileReference; explicitFileType = wrapper.cfbundle; includeInIndex = 0; path = YDTextViewUITests.xctest; sourceTree = BUILT_PRODUCTS_DIR; };
		E36925D22611E74700FBB1A3 /* YDTextViewUITests.m */ = {isa = PBXFileReference; lastKnownFileType = sourcecode.c.objc; path = YDTextViewUITests.m; sourceTree = "<group>"; };
		E36925D42611E74700FBB1A3 /* Info.plist */ = {isa = PBXFileReference; lastKnownFileType = text.plist.xml; path = Info.plist; sourceTree = "<group>"; };
		E36925E42611E8DD00FBB1A3 /* YDTextView.h */ = {isa = PBXFileReference; lastKnownFileType = sourcecode.c.h; name = YDTextView.h; path = YDTextViewClass/YDTextView.h; sourceTree = SOURCE_ROOT; };
		E36925E52611E8DD00FBB1A3 /* YDTextView.m */ = {isa = PBXFileReference; lastKnownFileType = sourcecode.c.objc; name = YDTextView.m; path = YDTextViewClass/YDTextView.m; sourceTree = SOURCE_ROOT; };
/* End PBXFileReference section */

/* Begin PBXFrameworksBuildPhase section */
		E36925A52611E74500FBB1A3 /* Frameworks */ = {
			isa = PBXFrameworksBuildPhase;
			buildActionMask = 2147483647;
			files = (
			);
			runOnlyForDeploymentPostprocessing = 0;
		};
		E36925C02611E74700FBB1A3 /* Frameworks */ = {
			isa = PBXFrameworksBuildPhase;
			buildActionMask = 2147483647;
			files = (
			);
			runOnlyForDeploymentPostprocessing = 0;
		};
		E36925CB2611E74700FBB1A3 /* Frameworks */ = {
			isa = PBXFrameworksBuildPhase;
			buildActionMask = 2147483647;
			files = (
			);
			runOnlyForDeploymentPostprocessing = 0;
		};
/* End PBXFrameworksBuildPhase section */

/* Begin PBXGroup section */
		E369259F2611E74500FBB1A3 = {
			isa = PBXGroup;
			children = (
				E36925E32611E8C100FBB1A3 /* YDTextViewClass */,
				E36925AA2611E74500FBB1A3 /* YDTextView */,
				E36925C62611E74700FBB1A3 /* YDTextViewTests */,
				E36925D12611E74700FBB1A3 /* YDTextViewUITests */,
				E36925A92611E74500FBB1A3 /* Products */,
			);
			sourceTree = "<group>";
		};
		E36925A92611E74500FBB1A3 /* Products */ = {
			isa = PBXGroup;
			children = (
				E36925A82611E74500FBB1A3 /* YDTextView.app */,
				E36925C32611E74700FBB1A3 /* YDTextViewTests.xctest */,
				E36925CE2611E74700FBB1A3 /* YDTextViewUITests.xctest */,
			);
			name = Products;
			sourceTree = "<group>";
		};
		E36925AA2611E74500FBB1A3 /* YDTextView */ = {
			isa = PBXGroup;
			children = (
				E36925AB2611E74500FBB1A3 /* AppDelegate.h */,
				E36925AC2611E74500FBB1A3 /* AppDelegate.m */,
				E36925AE2611E74500FBB1A3 /* SceneDelegate.h */,
				E36925AF2611E74500FBB1A3 /* SceneDelegate.m */,
				E36925B12611E74500FBB1A3 /* ViewController.h */,
				E36925B22611E74500FBB1A3 /* ViewController.m */,
				E36925B42611E74500FBB1A3 /* Main.storyboard */,
				E36925B72611E74700FBB1A3 /* Assets.xcassets */,
				E36925B92611E74700FBB1A3 /* LaunchScreen.storyboard */,
				E36925BC2611E74700FBB1A3 /* Info.plist */,
				E36925BD2611E74700FBB1A3 /* main.m */,
			);
			path = YDTextView;
			sourceTree = "<group>";
		};
		E36925C62611E74700FBB1A3 /* YDTextViewTests */ = {
			isa = PBXGroup;
			children = (
				E36925C72611E74700FBB1A3 /* YDTextViewTests.m */,
				E36925C92611E74700FBB1A3 /* Info.plist */,
			);
			path = YDTextViewTests;
			sourceTree = "<group>";
		};
		E36925D12611E74700FBB1A3 /* YDTextViewUITests */ = {
			isa = PBXGroup;
			children = (
				E36925D22611E74700FBB1A3 /* YDTextViewUITests.m */,
				E36925D42611E74700FBB1A3 /* Info.plist */,
			);
			path = YDTextViewUITests;
			sourceTree = "<group>";
		};
		E36925E32611E8C100FBB1A3 /* YDTextViewClass */ = {
			isa = PBXGroup;
			children = (
				E36925E42611E8DD00FBB1A3 /* YDTextView.h */,
				E36925E52611E8DD00FBB1A3 /* YDTextView.m */,
			);
			path = YDTextViewClass;
			sourceTree = "<group>";
		};
/* End PBXGroup section */

/* Begin PBXNativeTarget section */
		E36925A72611E74500FBB1A3 /* YDTextView */ = {
			isa = PBXNativeTarget;
			buildConfigurationList = E36925D72611E74700FBB1A3 /* Build configuration list for PBXNativeTarget "YDTextView" */;
			buildPhases = (
				E36925A42611E74500FBB1A3 /* Sources */,
				E36925A52611E74500FBB1A3 /* Frameworks */,
				E36925A62611E74500FBB1A3 /* Resources */,
			);
			buildRules = (
			);
			dependencies = (
			);
			name = YDTextView;
			productName = YDTextView;
			productReference = E36925A82611E74500FBB1A3 /* YDTextView.app */;
			productType = "com.apple.product-type.application";
		};
		E36925C22611E74700FBB1A3 /* YDTextViewTests */ = {
			isa = PBXNativeTarget;
			buildConfigurationList = E36925DA2611E74700FBB1A3 /* Build configuration list for PBXNativeTarget "YDTextViewTests" */;
			buildPhases = (
				E36925BF2611E74700FBB1A3 /* Sources */,
				E36925C02611E74700FBB1A3 /* Frameworks */,
				E36925C12611E74700FBB1A3 /* Resources */,
			);
			buildRules = (
			);
			dependencies = (
				E36925C52611E74700FBB1A3 /* PBXTargetDependency */,
			);
			name = YDTextViewTests;
			productName = YDTextViewTests;
			productReference = E36925C32611E74700FBB1A3 /* YDTextViewTests.xctest */;
			productType = "com.apple.product-type.bundle.unit-test";
		};
		E36925CD2611E74700FBB1A3 /* YDTextViewUITests */ = {
			isa = PBXNativeTarget;
			buildConfigurationList = E36925DD2611E74700FBB1A3 /* Build configuration list for PBXNativeTarget "YDTextViewUITests" */;
			buildPhases = (
				E36925CA2611E74700FBB1A3 /* Sources */,
				E36925CB2611E74700FBB1A3 /* Frameworks */,
				E36925CC2611E74700FBB1A3 /* Resources */,
			);
			buildRules = (
			);
			dependencies = (
				E36925D02611E74700FBB1A3 /* PBXTargetDependency */,
			);
			name = YDTextViewUITests;
			productName = YDTextViewUITests;
			productReference = E36925CE2611E74700FBB1A3 /* YDTextViewUITests.xctest */;
			productType = "com.apple.product-type.bundle.ui-testing";
		};
/* End PBXNativeTarget section */

/* Begin PBXProject section */
		E36925A02611E74500FBB1A3 /* Project object */ = {
			isa = PBXProject;
			attributes = {
				LastUpgradeCheck = 1240;
				TargetAttributes = {
					E36925A72611E74500FBB1A3 = {
						CreatedOnToolsVersion = 12.4;
					};
					E36925C22611E74700FBB1A3 = {
						CreatedOnToolsVersion = 12.4;
						TestTargetID = E36925A72611E74500FBB1A3;
					};
					E36925CD2611E74700FBB1A3 = {
						CreatedOnToolsVersion = 12.4;
						TestTargetID = E36925A72611E74500FBB1A3;
					};
				};
			};
			buildConfigurationList = E36925A32611E74500FBB1A3 /* Build configuration list for PBXProject "YDTextView" */;
			compatibilityVersion = "Xcode 9.3";
			developmentRegion = en;
			hasScannedForEncodings = 0;
			knownRegions = (
				en,
				Base,
			);
			mainGroup = E369259F2611E74500FBB1A3;
			productRefGroup = E36925A92611E74500FBB1A3 /* Products */;
			projectDirPath = "";
			projectRoot = "";
			targets = (
				E36925A72611E74500FBB1A3 /* YDTextView */,
				E36925C22611E74700FBB1A3 /* YDTextViewTests */,
				E36925CD2611E74700FBB1A3 /* YDTextViewUITests */,
			);
		};
/* End PBXProject section */

/* Begin PBXResourcesBuildPhase section */
		E36925A62611E74500FBB1A3 /* Resources */ = {
			isa = PBXResourcesBuildPhase;
			buildActionMask = 2147483647;
			files = (
				E36925BB2611E74700FBB1A3 /* LaunchScreen.storyboard in Resources */,
				E36925B82611E74700FBB1A3 /* Assets.xcassets in Resources */,
				E36925B62611E74500FBB1A3 /* Main.storyboard in Resources */,
			);
			runOnlyForDeploymentPostprocessing = 0;
		};
		E36925C12611E74700FBB1A3 /* Resources */ = {
			isa = PBXResourcesBuildPhase;
			buildActionMask = 2147483647;
			files = (
			);
			runOnlyForDeploymentPostprocessing = 0;
		};
		E36925CC2611E74700FBB1A3 /* Resources */ = {
			isa = PBXResourcesBuildPhase;
			buildActionMask = 2147483647;
			files = (
			);
			runOnlyForDeploymentPostprocessing = 0;
		};
/* End PBXResourcesBuildPhase section */

/* Begin PBXSourcesBuildPhase section */
		E36925A42611E74500FBB1A3 /* Sources */ = {
			isa = PBXSourcesBuildPhase;
			buildActionMask = 2147483647;
			files = (
				E36925B32611E74500FBB1A3 /* ViewController.m in Sources */,
				E36925AD2611E74500FBB1A3 /* AppDelegate.m in Sources */,
				E36925BE2611E74700FBB1A3 /* main.m in Sources */,
				E36925E62611E8DD00FBB1A3 /* YDTextView.m in Sources */,
				E36925B02611E74500FBB1A3 /* SceneDelegate.m in Sources */,
			);
			runOnlyForDeploymentPostprocessing = 0;
		};
		E36925BF2611E74700FBB1A3 /* Sources */ = {
			isa = PBXSourcesBuildPhase;
			buildActionMask = 2147483647;
			files = (
				E36925C82611E74700FBB1A3 /* YDTextViewTests.m in Sources */,
			);
			runOnlyForDeploymentPostprocessing = 0;
		};
		E36925CA2611E74700FBB1A3 /* Sources */ = {
			isa = PBXSourcesBuildPhase;
			buildActionMask = 2147483647;
			files = (
				E36925D32611E74700FBB1A3 /* YDTextViewUITests.m in Sources */,
			);
			runOnlyForDeploymentPostprocessing = 0;
		};
/* End PBXSourcesBuildPhase section */

/* Begin PBXTargetDependency section */
		E36925C52611E74700FBB1A3 /* PBXTargetDependency */ = {
			isa = PBXTargetDependency;
			target = E36925A72611E74500FBB1A3 /* YDTextView */;
			targetProxy = E36925C42611E74700FBB1A3 /* PBXContainerItemProxy */;
		};
		E36925D02611E74700FBB1A3 /* PBXTargetDependency */ = {
			isa = PBXTargetDependency;
			target = E36925A72611E74500FBB1A3 /* YDTextView */;
			targetProxy = E36925CF2611E74700FBB1A3 /* PBXContainerItemProxy */;
		};
/* End PBXTargetDependency section */

/* Begin PBXVariantGroup section */
		E36925B42611E74500FBB1A3 /* Main.storyboard */ = {
			isa = PBXVariantGroup;
			children = (
				E36925B52611E74500FBB1A3 /* Base */,
			);
			name = Main.storyboard;
			sourceTree = "<group>";
		};
		E36925B92611E74700FBB1A3 /* LaunchScreen.storyboard */ = {
			isa = PBXVariantGroup;
			children = (
				E36925BA2611E74700FBB1A3 /* Base */,
			);
			name = LaunchScreen.storyboard;
			sourceTree = "<group>";
		};
/* End PBXVariantGroup section */

/* Begin XCBuildConfiguration section */
		E36925D52611E74700FBB1A3 /* Debug */ = {
			isa = XCBuildConfiguration;
			buildSettings = {
				ALWAYS_SEARCH_USER_PATHS = NO;
				CLANG_ANALYZER_NONNULL = YES;
				CLANG_ANALYZER_NUMBER_OBJECT_CONVERSION = YES_AGGRESSIVE;
				CLANG_CXX_LANGUAGE_STANDARD = "gnu++14";
				CLANG_CXX_LIBRARY = "libc++";
				CLANG_ENABLE_MODULES = YES;
				CLANG_ENABLE_OBJC_ARC = YES;
				CLANG_ENABLE_OBJC_WEAK = YES;
				CLANG_WARN_BLOCK_CAPTURE_AUTORELEASING = YES;
				CLANG_WARN_BOOL_CONVERSION = YES;
				CLANG_WARN_COMMA = YES;
				CLANG_WARN_CONSTANT_CONVERSION = YES;
				CLANG_WARN_DEPRECATED_OBJC_IMPLEMENTATIONS = YES;
				CLANG_WARN_DIRECT_OBJC_ISA_USAGE = YES_ERROR;
				CLANG_WARN_DOCUMENTATION_COMMENTS = YES;
				CLANG_WARN_EMPTY_BODY = YES;
				CLANG_WARN_ENUM_CONVERSION = YES;
				CLANG_WARN_INFINITE_RECURSION = YES;
				CLANG_WARN_INT_CONVERSION = YES;
				CLANG_WARN_NON_LITERAL_NULL_CONVERSION = YES;
				CLANG_WARN_OBJC_IMPLICIT_RETAIN_SELF = YES;
				CLANG_WARN_OBJC_LITERAL_CONVERSION = YES;
				CLANG_WARN_OBJC_ROOT_CLASS = YES_ERROR;
				CLANG_WARN_QUOTED_INCLUDE_IN_FRAMEWORK_HEADER = YES;
				CLANG_WARN_RANGE_LOOP_ANALYSIS = YES;
				CLANG_WARN_STRICT_PROTOTYPES = YES;
				CLANG_WARN_SUSPICIOUS_MOVE = YES;
				CLANG_WARN_UNGUARDED_AVAILABILITY = YES_AGGRESSIVE;
				CLANG_WARN_UNREACHABLE_CODE = YES;
				CLANG_WARN__DUPLICATE_METHOD_MATCH = YES;
				COPY_PHASE_STRIP = NO;
				DEBUG_INFORMATION_FORMAT = dwarf;
				ENABLE_STRICT_OBJC_MSGSEND = YES;
				ENABLE_TESTABILITY = YES;
				GCC_C_LANGUAGE_STANDARD = gnu11;
				GCC_DYNAMIC_NO_PIC = NO;
				GCC_NO_COMMON_BLOCKS = YES;
				GCC_OPTIMIZATION_LEVEL = 0;
				GCC_PREPROCESSOR_DEFINITIONS = (
					"DEBUG=1",
					"$(inherited)",
				);
				GCC_WARN_64_TO_32_BIT_CONVERSION = YES;
				GCC_WARN_ABOUT_RETURN_TYPE = YES_ERROR;
				GCC_WARN_UNDECLARED_SELECTOR = YES;
				GCC_WARN_UNINITIALIZED_AUTOS = YES_AGGRESSIVE;
				GCC_WARN_UNUSED_FUNCTION = YES;
				GCC_WARN_UNUSED_VARIABLE = YES;
				IPHONEOS_DEPLOYMENT_TARGET = 14.4;
				MTL_ENABLE_DEBUG_INFO = INCLUDE_SOURCE;
				MTL_FAST_MATH = YES;
				ONLY_ACTIVE_ARCH = YES;
				SDKROOT = iphoneos;
			};
			name = Debug;
		};
		E36925D62611E74700FBB1A3 /* Release */ = {
			isa = XCBuildConfiguration;
			buildSettings = {
				ALWAYS_SEARCH_USER_PATHS = NO;
				CLANG_ANALYZER_NONNULL = YES;
				CLANG_ANALYZER_NUMBER_OBJECT_CONVERSION = YES_AGGRESSIVE;
				CLANG_CXX_LANGUAGE_STANDARD = "gnu++14";
				CLANG_CXX_LIBRARY = "libc++";
				CLANG_ENABLE_MODULES = YES;
				CLANG_ENABLE_OBJC_ARC = YES;
				CLANG_ENABLE_OBJC_WEAK = YES;
				CLANG_WARN_BLOCK_CAPTURE_AUTORELEASING = YES;
				CLANG_WARN_BOOL_CONVERSION = YES;
				CLANG_WARN_COMMA = YES;
				CLANG_WARN_CONSTANT_CONVERSION = YES;
				CLANG_WARN_DEPRECATED_OBJC_IMPLEMENTATIONS = YES;
				CLANG_WARN_DIRECT_OBJC_ISA_USAGE = YES_ERROR;
				CLANG_WARN_DOCUMENTATION_COMMENTS = YES;
				CLANG_WARN_EMPTY_BODY = YES;
				CLANG_WARN_ENUM_CONVERSION = YES;
				CLANG_WARN_INFINITE_RECURSION = YES;
				CLANG_WARN_INT_CONVERSION = YES;
				CLANG_WARN_NON_LITERAL_NULL_CONVERSION = YES;
				CLANG_WARN_OBJC_IMPLICIT_RETAIN_SELF = YES;
				CLANG_WARN_OBJC_LITERAL_CONVERSION = YES;
				CLANG_WARN_OBJC_ROOT_CLASS = YES_ERROR;
				CLANG_WARN_QUOTED_INCLUDE_IN_FRAMEWORK_HEADER = YES;
				CLANG_WARN_RANGE_LOOP_ANALYSIS = YES;
				CLANG_WARN_STRICT_PROTOTYPES = YES;
				CLANG_WARN_SUSPICIOUS_MOVE = YES;
				CLANG_WARN_UNGUARDED_AVAILABILITY = YES_AGGRESSIVE;
				CLANG_WARN_UNREACHABLE_CODE = YES;
				CLANG_WARN__DUPLICATE_METHOD_MATCH = YES;
				COPY_PHASE_STRIP = NO;
				DEBUG_INFORMATION_FORMAT = "dwarf-with-dsym";
				ENABLE_NS_ASSERTIONS = NO;
				ENABLE_STRICT_OBJC_MSGSEND = YES;
				GCC_C_LANGUAGE_STANDARD = gnu11;
				GCC_NO_COMMON_BLOCKS = YES;
				GCC_WARN_64_TO_32_BIT_CONVERSION = YES;
				GCC_WARN_ABOUT_RETURN_TYPE = YES_ERROR;
				GCC_WARN_UNDECLARED_SELECTOR = YES;
				GCC_WARN_UNINITIALIZED_AUTOS = YES_AGGRESSIVE;
				GCC_WARN_UNUSED_FUNCTION = YES;
				GCC_WARN_UNUSED_VARIABLE = YES;
				IPHONEOS_DEPLOYMENT_TARGET = 14.4;
				MTL_ENABLE_DEBUG_INFO = NO;
				MTL_FAST_MATH = YES;
				SDKROOT = iphoneos;
				VALIDATE_PRODUCT = YES;
			};
			name = Release;
		};
		E36925D82611E74700FBB1A3 /* Debug */ = {
			isa = XCBuildConfiguration;
			buildSettings = {
				ASSETCATALOG_COMPILER_APPICON_NAME = AppIcon;
				ASSETCATALOG_COMPILER_GLOBAL_ACCENT_COLOR_NAME = AccentColor;
				CODE_SIGN_STYLE = Automatic;
				DEVELOPMENT_TEAM = 857BM7QE6E;
				INFOPLIST_FILE = YDTextView/Info.plist;
				LD_RUNPATH_SEARCH_PATHS = (
					"$(inherited)",
					"@executable_path/Frameworks",
				);
				PRODUCT_BUNDLE_IDENTIFIER = com.tvbc.maiduidui.YDTextView;
				PRODUCT_NAME = "$(TARGET_NAME)";
				TARGETED_DEVICE_FAMILY = "1,2";
			};
			name = Debug;
		};
		E36925D92611E74700FBB1A3 /* Release */ = {
			isa = XCBuildConfiguration;
			buildSettings = {
				ASSETCATALOG_COMPILER_APPICON_NAME = AppIcon;
				ASSETCATALOG_COMPILER_GLOBAL_ACCENT_COLOR_NAME = AccentColor;
				CODE_SIGN_STYLE = Automatic;
				DEVELOPMENT_TEAM = 857BM7QE6E;
				INFOPLIST_FILE = YDTextView/Info.plist;
				LD_RUNPATH_SEARCH_PATHS = (
					"$(inherited)",
					"@executable_path/Frameworks",
				);
				PRODUCT_BUNDLE_IDENTIFIER = com.tvbc.maiduidui.YDTextView;
				PRODUCT_NAME = "$(TARGET_NAME)";
				TARGETED_DEVICE_FAMILY = "1,2";
			};
			name = Release;
		};
		E36925DB2611E74700FBB1A3 /* Debug */ = {
			isa = XCBuildConfiguration;
			buildSettings = {
				BUNDLE_LOADER = "$(TEST_HOST)";
				CODE_SIGN_STYLE = Automatic;
				DEVELOPMENT_TEAM = 857BM7QE6E;
				INFOPLIST_FILE = YDTextViewTests/Info.plist;
				IPHONEOS_DEPLOYMENT_TARGET = 14.4;
				LD_RUNPATH_SEARCH_PATHS = (
					"$(inherited)",
					"@executable_path/Frameworks",
					"@loader_path/Frameworks",
				);
				PRODUCT_BUNDLE_IDENTIFIER = com.tvbc.maiduidui.YDTextViewTests;
				PRODUCT_NAME = "$(TARGET_NAME)";
				TARGETED_DEVICE_FAMILY = "1,2";
				TEST_HOST = "$(BUILT_PRODUCTS_DIR)/YDTextView.app/YDTextView";
			};
			name = Debug;
		};
		E36925DC2611E74700FBB1A3 /* Release */ = {
			isa = XCBuildConfiguration;
			buildSettings = {
				BUNDLE_LOADER = "$(TEST_HOST)";
				CODE_SIGN_STYLE = Automatic;
				DEVELOPMENT_TEAM = 857BM7QE6E;
				INFOPLIST_FILE = YDTextViewTests/Info.plist;
				IPHONEOS_DEPLOYMENT_TARGET = 14.4;
				LD_RUNPATH_SEARCH_PATHS = (
					"$(inherited)",
					"@executable_path/Frameworks",
					"@loader_path/Frameworks",
				);
				PRODUCT_BUNDLE_IDENTIFIER = com.tvbc.maiduidui.YDTextViewTests;
				PRODUCT_NAME = "$(TARGET_NAME)";
				TARGETED_DEVICE_FAMILY = "1,2";
				TEST_HOST = "$(BUILT_PRODUCTS_DIR)/YDTextView.app/YDTextView";
			};
			name = Release;
		};
		E36925DE2611E74700FBB1A3 /* Debug */ = {
			isa = XCBuildConfiguration;
			buildSettings = {
				CODE_SIGN_STYLE = Automatic;
				DEVELOPMENT_TEAM = 857BM7QE6E;
				INFOPLIST_FILE = YDTextViewUITests/Info.plist;
				LD_RUNPATH_SEARCH_PATHS = (
					"$(inherited)",
					"@executable_path/Frameworks",
					"@loader_path/Frameworks",
				);
				PRODUCT_BUNDLE_IDENTIFIER = com.tvbc.maiduidui.YDTextViewUITests;
				PRODUCT_NAME = "$(TARGET_NAME)";
				TARGETED_DEVICE_FAMILY = "1,2";
				TEST_TARGET_NAME = YDTextView;
			};
			name = Debug;
		};
		E36925DF2611E74700FBB1A3 /* Release */ = {
			isa = XCBuildConfiguration;
			buildSettings = {
				CODE_SIGN_STYLE = Automatic;
				DEVELOPMENT_TEAM = 857BM7QE6E;
				INFOPLIST_FILE = YDTextViewUITests/Info.plist;
				LD_RUNPATH_SEARCH_PATHS = (
					"$(inherited)",
					"@executable_path/Frameworks",
					"@loader_path/Frameworks",
				);
				PRODUCT_BUNDLE_IDENTIFIER = com.tvbc.maiduidui.YDTextViewUITests;
				PRODUCT_NAME = "$(TARGET_NAME)";
				TARGETED_DEVICE_FAMILY = "1,2";
				TEST_TARGET_NAME = YDTextView;
			};
			name = Release;
		};
/* End XCBuildConfiguration section */

/* Begin XCConfigurationList section */
		E36925A32611E74500FBB1A3 /* Build configuration list for PBXProject "YDTextView" */ = {
			isa = XCConfigurationList;
			buildConfigurations = (
				E36925D52611E74700FBB1A3 /* Debug */,
				E36925D62611E74700FBB1A3 /* Release */,
			);
			defaultConfigurationIsVisible = 0;
			defaultConfigurationName = Release;
		};
		E36925D72611E74700FBB1A3 /* Build configuration list for PBXNativeTarget "YDTextView" */ = {
			isa = XCConfigurationList;
			buildConfigurations = (
				E36925D82611E74700FBB1A3 /* Debug */,
				E36925D92611E74700FBB1A3 /* Release */,
			);
			defaultConfigurationIsVisible = 0;
			defaultConfigurationName = Release;
		};
		E36925DA2611E74700FBB1A3 /* Build configuration list for PBXNativeTarget "YDTextViewTests" */ = {
			isa = XCConfigurationList;
			buildConfigurations = (
				E36925DB2611E74700FBB1A3 /* Debug */,
				E36925DC2611E74700FBB1A3 /* Release */,
			);
			defaultConfigurationIsVisible = 0;
			defaultConfigurationName = Release;
		};
		E36925DD2611E74700FBB1A3 /* Build configuration list for PBXNativeTarget "YDTextViewUITests" */ = {
			isa = XCConfigurationList;
			buildConfigurations = (
				E36925DE2611E74700FBB1A3 /* Debug */,
				E36925DF2611E74700FBB1A3 /* Release */,
			);
			defaultConfigurationIsVisible = 0;
			defaultConfigurationName = Release;
		};
/* End XCConfigurationList section */
	};
	rootObject = E36925A02611E74500FBB1A3 /* Project object */;
}
